{
  "name": "job-application-tracker",
  "lockfileVersion": 3,
  "requires": true,
  "packages": {
    "": {
      "dependencies": {
        "apexsankey": "^1.1.2"
      }
    },
    "node_modules/@svgdotjs/svg.js": {
      "version": "3.2.4",
      "resolved": "https://registry.npmjs.org/@svgdotjs/svg.js/-/svg.js-3.2.4.tgz",
      "integrity": "sha512-BjJ/7vWNowlX3Z8O4ywT58DqbNRyYlkk6Yz/D13aB7hGmfQTvGX4Tkgtm/ApYlu9M7lCQi15xUEidqMUmdMYwg==",
      "funding": {
        "type": "github",
        "url": "https://github.com/sponsors/Fuzzyma"
      }
    },
    "node_modules/@svgdotjs/svg.panzoom.js": {
      "version": "2.1.2",
      "resolved": "https://registry.npmjs.org/@svgdotjs/svg.panzoom.js/-/svg.panzoom.js-2.1.2.tgz",
      "integrity": "sha512-0Nzo2TRlTebW3pzfAPtHx8Ye7Y3kuMEkK7hwVJi0SgQUB/vstjg7fvCJxB++EqsuDEetP0/SC+4CpLMVm6Lh2g==",
      "dependencies": {
        "@svgdotjs/svg.js": "^3.0.16"
      }
    },
    "node_modules/apexsankey": {
      "version": "1.1.2",
      "resolved": "https://registry.npmjs.org/apexsankey/-/apexsankey-1.1.2.tgz",
      "integrity": "sha512-ggRnSCW/18Dk5z5FHV4cZHuu656NNeiCcFde+DbAhmjPXgiEfKRduAU7pclg0JcxnlH67jUGBby9l7HmGyO2+g==",
      "dependencies": {
        "@svgdotjs/svg.js": "^3.2.0",
        "@svgdotjs/svg.panzoom.js": "^2.1.2",
        "defined": "^1.0.1",
        "graphlib": "~2.1.0",
        "lodash": "^4.17.21"
      }
    },
    "node_modules/defined": {
      "version": "1.0.1",
      "resolved": "https://registry.npmjs.org/defined/-/defined-1.0.1.tgz",
      "integrity": "sha512-hsBd2qSVCRE+5PmNdHt1uzyrFu5d3RwmFDKzyNZMFq/EwDNJF7Ee5+D5oEKF0hU6LhtoUF1macFvOe4AskQC1Q==",
      "funding": {
        "url": "https://github.com/sponsors/ljharb"
      }
    },
    "node_modules/graphlib": {
      "version": "2.1.8",
      "resolved": "https://registry.npmjs.org/graphlib/-/graphlib-2.1.8.tgz",
      "integrity": "sha512-jcLLfkpoVGmH7/InMC/1hIvOPSUh38oJtGhvrOFGzioE1DZ+0YW16RgmOJhHiuWTvGiJQ9Z1Ik43JvkRPRvE+A==",
      "dependencies": {
        "lodash": "^4.17.15"
      }
    },
    "node_modules/lodash": {
      "version": "4.17.21",
      "resolved": "https://registry.npmjs.org/lodash/-/lodash-4.17.21.tgz",
      "integrity": "sha512-v2kDEe57lecTulaDIuNTPy3Ry4gLGJ6Z1O3vE1krgXZNrsQ+LFTGHVxVjcXPs17LhbZVGedAJv8XZ1tvj5FvSg=="
    }
  }
}
